# This file is automatically @generated by Cargo.
# It is not intended for manual editing.
version = 4

[[package]]
name = "rustc_codegen_sci"
version = "0.1.0"
dependencies = [
 "sci_protocol",
]

[[package]]
name = "sci_codegen_worker"
version = "0.1.0"
dependencies = [
 "sci_protocol",
]

[[package]]
name = "sci_protocol"
version = "0.1.0"
